// !$*UTF8*$!
{
	archiveVersion = 1;
	classes = {
	};
	objectVersion = 56;
	objects = {

/* Begin PBXBuildFile section */
		F0A680F7297ED5F1001F3745 /* AppDelegate.swift in Sources */ = {isa = PBXBuildFile; fileRef = F0A680F6297ED5F1001F3745 /* AppDelegate.swift */; };
		F0A680F9297ED5F1001F3745 /* SceneDelegate.swift in Sources */ = {isa = PBXBuildFile; fileRef = F0A680F8297ED5F1001F3745 /* SceneDelegate.swift */; };
		F0A68100297ED5F4001F3745 /* Assets.xcassets in Resources */ = {isa = PBXBuildFile; fileRef = F0A680FF297ED5F4001F3745 /* Assets.xcassets */; };
		F0A68103297ED5F4001F3745 /* LaunchScreen.storyboard in Resources */ = {isa = PBXBuildFile; fileRef = F0A68101297ED5F4001F3745 /* LaunchScreen.storyboard */; };
		F0A681112981310C001F3745 /* FeedViewController.swift in Sources */ = {isa = PBXBuildFile; fileRef = F0A681102981310C001F3745 /* FeedViewController.swift */; };
		F0A6811329813143001F3745 /* ProfileViewController.swift in Sources */ = {isa = PBXBuildFile; fileRef = F0A6811229813143001F3745 /* ProfileViewController.swift */; };
		F0A6811629813E26001F3745 /* PostViewController.swift in Sources */ = {isa = PBXBuildFile; fileRef = F0A6811529813E26001F3745 /* PostViewController.swift */; };
		F0A68119298170B5001F3745 /* Post.swift in Sources */ = {isa = PBXBuildFile; fileRef = F0A68118298170B5001F3745 /* Post.swift */; };
		F0A6811B298267F7001F3745 /* InfoViewController.swift in Sources */ = {isa = PBXBuildFile; fileRef = F0A6811A298267F7001F3745 /* InfoViewController.swift */; };
/* End PBXBuildFile section */

/* Begin PBXFileReference section */
		F0A680F3297ED5F1001F3745 /* Navigation1.app */ = {isa = PBXFileReference; explicitFileType = wrapper.application; includeInIndex = 0; path = Navigation1.app; sourceTree = BUILT_PRODUCTS_DIR; };
		F0A680F6297ED5F1001F3745 /* AppDelegate.swift */ = {isa = PBXFileReference; lastKnownFileType = sourcecode.swift; path = AppDelegate.swift; sourceTree = "<group>"; };
		F0A680F8297ED5F1001F3745 /* SceneDelegate.swift */ = {isa = PBXFileReference; lastKnownFileType = sourcecode.swift; path = SceneDelegate.swift; sourceTree = "<group>"; };
		F0A680FF297ED5F4001F3745 /* Assets.xcassets */ = {isa = PBXFileReference; lastKnownFileType = folder.assetcatalog; path = Assets.xcassets; sourceTree = "<group>"; };
		F0A68102297ED5F4001F3745 /* Base */ = {isa = PBXFileReference; lastKnownFileType = file.storyboard; name = Base; path = Base.lproj/LaunchScreen.storyboard; sourceTree = "<group>"; };
		F0A68104297ED5F4001F3745 /* Info.plist */ = {isa = PBXFileReference; lastKnownFileType = text.plist.xml; path = Info.plist; sourceTree = "<group>"; };
		F0A681102981310C001F3745 /* FeedViewController.swift */ = {isa = PBXFileReference; lastKnownFileType = sourcecode.swift; path = FeedViewController.swift; sourceTree = "<group>"; };
		F0A6811229813143001F3745 /* ProfileViewController.swift */ = {isa = PBXFileReference; lastKnownFileType = sourcecode.swift; path = ProfileViewController.swift; sourceTree = "<group>"; };
		F0A6811529813E26001F3745 /* PostViewController.swift */ = {isa = PBXFileReference; lastKnownFileType = sourcecode.swift; path = PostViewController.swift; sourceTree = "<group>"; };
		F0A68118298170B5001F3745 /* Post.swift */ = {isa = PBXFileReference; lastKnownFileType = sourcecode.swift; path = Post.swift; sourceTree = "<group>"; };
		F0A6811A298267F7001F3745 /* InfoViewController.swift */ = {isa = PBXFileReference; lastKnownFileType = sourcecode.swift; path = InfoViewController.swift; sourceTree = "<group>"; };
/* End PBXFileReference section */

/* Begin PBXFrameworksBuildPhase section */
		F0A680F0297ED5F1001F3745 /* Frameworks */ = {
			isa = PBXFrameworksBuildPhase;
			buildActionMask = 2147483647;
			files = (
			);
			runOnlyForDeploymentPostprocessing = 0;
		};
/* End PBXFrameworksBuildPhase section */

/* Begin PBXGroup section */
		F0A680EA297ED5F1001F3745 = {
			isa = PBXGroup;
			children = (
				F0A680F5297ED5F1001F3745 /* Navigation1 */,
				F0A680F4297ED5F1001F3745 /* Products */,
			);
			sourceTree = "<group>";
		};
		F0A680F4297ED5F1001F3745 /* Products */ = {
			isa = PBXGroup;
			children = (
				F0A680F3297ED5F1001F3745 /* Navigation1.app */,
			);
			name = Products;
			sourceTree = "<group>";
		};
		F0A680F5297ED5F1001F3745 /* Navigation1 */ = {
			isa = PBXGroup;
			children = (
				F0A680F6297ED5F1001F3745 /* AppDelegate.swift */,
				F0A680F8297ED5F1001F3745 /* SceneDelegate.swift */,
				F0A6811429813D60001F3745 /* Controllers */,
				F0A680FF297ED5F4001F3745 /* Assets.xcassets */,
				F0A68101297ED5F4001F3745 /* LaunchScreen.storyboard */,
				F0A68104297ED5F4001F3745 /* Info.plist */,
				F0A681172981708E001F3745 /* Data */,
			);
			path = Navigation1;
			sourceTree = "<group>";
		};
		F0A6811429813D60001F3745 /* Controllers */ = {
			isa = PBXGroup;
			children = (
				F0A681102981310C001F3745 /* FeedViewController.swift */,
				F0A6811229813143001F3745 /* ProfileViewController.swift */,
				F0A6811529813E26001F3745 /* PostViewController.swift */,
				F0A6811A298267F7001F3745 /* InfoViewController.swift */,
			);
			path = Controllers;
			sourceTree = "<group>";
		};
		F0A681172981708E001F3745 /* Data */ = {
			isa = PBXGroup;
			children = (
				F0A68118298170B5001F3745 /* Post.swift */,
			);
			path = Data;
			sourceTree = "<group>";
		};
/* End PBXGroup section */

/* Begin PBXNativeTarget section */
		F0A680F2297ED5F1001F3745 /* Navigation1 */ = {
			isa = PBXNativeTarget;
			buildConfigurationList = F0A68107297ED5F4001F3745 /* Build configuration list for PBXNativeTarget "Navigation1" */;
			buildPhases = (
				F0A680EF297ED5F1001F3745 /* Sources */,
				F0A680F0297ED5F1001F3745 /* Frameworks */,
				F0A680F1297ED5F1001F3745 /* Resources */,
			);
			buildRules = (
			);
			dependencies = (
			);
			name = Navigation1;
			productName = Navigation1;
			productReference = F0A680F3297ED5F1001F3745 /* Navigation1.app */;
			productType = "com.apple.product-type.application";
		};
/* End PBXNativeTarget section */

/* Begin PBXProject section */
		F0A680EB297ED5F1001F3745 /* Project object */ = {
			isa = PBXProject;
			attributes = {
				BuildIndependentTargetsInParallel = 1;
				LastSwiftUpdateCheck = 1420;
				LastUpgradeCheck = 1420;
				TargetAttributes = {
					F0A680F2297ED5F1001F3745 = {
						CreatedOnToolsVersion = 14.2;
					};
				};
			};
			buildConfigurationList = F0A680EE297ED5F1001F3745 /* Build configuration list for PBXProject "Navigation1" */;
			compatibilityVersion = "Xcode 14.0";
			developmentRegion = en;
			hasScannedForEncodings = 0;
			knownRegions = (
				en,
				Base,
			);
			mainGroup = F0A680EA297ED5F1001F3745;
			productRefGroup = F0A680F4297ED5F1001F3745 /* Products */;
			projectDirPath = "";
			projectRoot = "";
			targets = (
				F0A680F2297ED5F1001F3745 /* Navigation1 */,
			);
		};
/* End PBXProject section */

/* Begin PBXResourcesBuildPhase section */
		F0A680F1297ED5F1001F3745 /* Resources */ = {
			isa = PBXResourcesBuildPhase;
			buildActionMask = 2147483647;
			files = (
				F0A68103297ED5F4001F3745 /* LaunchScreen.storyboard in Resources */,
				F0A68100297ED5F4001F3745 /* Assets.xcassets in Resources */,
			);
			runOnlyForDeploymentPostprocessing = 0;
		};
/* End PBXResourcesBuildPhase section */

/* Begin PBXSourcesBuildPhase section */
		F0A680EF297ED5F1001F3745 /* Sources */ = {
			isa = PBXSourcesBuildPhase;
			buildActionMask = 2147483647;
			files = (
				F0A680F7297ED5F1001F3745 /* AppDelegate.swift in Sources */,
				F0A681112981310C001F3745 /* FeedViewController.swift in Sources */,
				F0A6811329813143001F3745 /* ProfileViewController.swift in Sources */,
				F0A6811B298267F7001F3745 /* InfoViewController.swift in Sources */,
				F0A68119298170B5001F3745 /* Post.swift in Sources */,
				F0A680F9297ED5F1001F3745 /* SceneDelegate.swift in Sources */,
				F0A6811629813E26001F3745 /* PostViewController.swift in Sources */,
			);
			runOnlyForDeploymentPostprocessing = 0;
		};
/* End PBXSourcesBuildPhase section */

/* Begin PBXVariantGroup section */
		F0A68101297ED5F4001F3745 /* LaunchScreen.storyboard */ = {
			isa = PBXVariantGroup;
			children = (
				F0A68102297ED5F4001F3745 /* Base */,
			);
			name = LaunchScreen.storyboard;
			sourceTree = "<group>";
		};
/* End PBXVariantGroup section */

/* Begin XCBuildConfiguration section */
		F0A68105297ED5F4001F3745 /* Debug */ = {
			isa = XCBuildConfiguration;
			buildSettings = {
				ALWAYS_SEARCH_USER_PATHS = NO;
				CLANG_ANALYZER_NONNULL = YES;
				CLANG_ANALYZER_NUMBER_OBJECT_CONVERSION = YES_AGGRESSIVE;
				CLANG_CXX_LANGUAGE_STANDARD = "gnu++20";
				CLANG_ENABLE_MODULES = YES;
				CLANG_ENABLE_OBJC_ARC = YES;
				CLANG_ENABLE_OBJC_WEAK = YES;
				CLANG_WARN_BLOCK_CAPTURE_AUTORELEASING = YES;
				CLANG_WARN_BOOL_CONVERSION = YES;
				CLANG_WARN_COMMA = YES;
				CLANG_WARN_CONSTANT_CONVERSION = YES;
				CLANG_WARN_DEPRECATED_OBJC_IMPLEMENTATIONS = YES;
				CLANG_WARN_DIRECT_OBJC_ISA_USAGE = YES_ERROR;
				CLANG_WARN_DOCUMENTATION_COMMENTS = YES;
				CLANG_WARN_EMPTY_BODY = YES;
				CLANG_WARN_ENUM_CONVERSION = YES;
				CLANG_WARN_INFINITE_RECURSION = YES;
				CLANG_WARN_INT_CONVERSION = YES;
				CLANG_WARN_NON_LITERAL_NULL_CONVERSION = YES;
				CLANG_WARN_OBJC_IMPLICIT_RETAIN_SELF = YES;
				CLANG_WARN_OBJC_LITERAL_CONVERSION = YES;
				CLANG_WARN_OBJC_ROOT_CLASS = YES_ERROR;
				CLANG_WARN_QUOTED_INCLUDE_IN_FRAMEWORK_HEADER = YES;
				CLANG_WARN_RANGE_LOOP_ANALYSIS = YES;
				CLANG_WARN_STRICT_PROTOTYPES = YES;
				CLANG_WARN_SUSPICIOUS_MOVE = YES;
				CLANG_WARN_UNGUARDED_AVAILABILITY = YES_AGGRESSIVE;
				CLANG_WARN_UNREACHABLE_CODE = YES;
				CLANG_WARN__DUPLICATE_METHOD_MATCH = YES;
				COPY_PHASE_STRIP = NO;
				DEBUG_INFORMATION_FORMAT = dwarf;
				ENABLE_STRICT_OBJC_MSGSEND = YES;
				ENABLE_TESTABILITY = YES;
				GCC_C_LANGUAGE_STANDARD = gnu11;
				GCC_DYNAMIC_NO_PIC = NO;
				GCC_NO_COMMON_BLOCKS = YES;
				GCC_OPTIMIZATION_LEVEL = 0;
				GCC_PREPROCESSOR_DEFINITIONS = (
					"DEBUG=1",
					"$(inherited)",
				);
				GCC_WARN_64_TO_32_BIT_CONVERSION = YES;
				GCC_WARN_ABOUT_RETURN_TYPE = YES_ERROR;
				GCC_WARN_UNDECLARED_SELECTOR = YES;
				GCC_WARN_UNINITIALIZED_AUTOS = YES_AGGRESSIVE;
				GCC_WARN_UNUSED_FUNCTION = YES;
				GCC_WARN_UNUSED_VARIABLE = YES;
				IPHONEOS_DEPLOYMENT_TARGET = 16.2;
				MTL_ENABLE_DEBUG_INFO = INCLUDE_SOURCE;
				MTL_FAST_MATH = YES;
				ONLY_ACTIVE_ARCH = YES;
				SDKROOT = iphoneos;
				SWIFT_ACTIVE_COMPILATION_CONDITIONS = DEBUG;
				SWIFT_OPTIMIZATION_LEVEL = "-Onone";
			};
			name = Debug;
		};
		F0A68106297ED5F4001F3745 /* Release */ = {
			isa = XCBuildConfiguration;
			buildSettings = {
				ALWAYS_SEARCH_USER_PATHS = NO;
				CLANG_ANALYZER_NONNULL = YES;
				CLANG_ANALYZER_NUMBER_OBJECT_CONVERSION = YES_AGGRESSIVE;
				CLANG_CXX_LANGUAGE_STANDARD = "gnu++20";
				CLANG_ENABLE_MODULES = YES;
				CLANG_ENABLE_OBJC_ARC = YES;
				CLANG_ENABLE_OBJC_WEAK = YES;
				CLANG_WARN_BLOCK_CAPTURE_AUTORELEASING = YES;
				CLANG_WARN_BOOL_CONVERSION = YES;
				CLANG_WARN_COMMA = YES;
				CLANG_WARN_CONSTANT_CONVERSION = YES;
				CLANG_WARN_DEPRECATED_OBJC_IMPLEMENTATIONS = YES;
				CLANG_WARN_DIRECT_OBJC_ISA_USAGE = YES_ERROR;
				CLANG_WARN_DOCUMENTATION_COMMENTS = YES;
				CLANG_WARN_EMPTY_BODY = YES;
				CLANG_WARN_ENUM_CONVERSION = YES;
				CLANG_WARN_INFINITE_RECURSION = YES;
				CLANG_WARN_INT_CONVERSION = YES;
				CLANG_WARN_NON_LITERAL_NULL_CONVERSION = YES;
				CLANG_WARN_OBJC_IMPLICIT_RETAIN_SELF = YES;
				CLANG_WARN_OBJC_LITERAL_CONVERSION = YES;
				CLANG_WARN_OBJC_ROOT_CLASS = YES_ERROR;
				CLANG_WARN_QUOTED_INCLUDE_IN_FRAMEWORK_HEADER = YES;
				CLANG_WARN_RANGE_LOOP_ANALYSIS = YES;
				CLANG_WARN_STRICT_PROTOTYPES = YES;
				CLANG_WARN_SUSPICIOUS_MOVE = YES;
				CLANG_WARN_UNGUARDED_AVAILABILITY = YES_AGGRESSIVE;
				CLANG_WARN_UNREACHABLE_CODE = YES;
				CLANG_WARN__DUPLICATE_METHOD_MATCH = YES;
				COPY_PHASE_STRIP = NO;
				DEBUG_INFORMATION_FORMAT = "dwarf-with-dsym";
				ENABLE_NS_ASSERTIONS = NO;
				ENABLE_STRICT_OBJC_MSGSEND = YES;
				GCC_C_LANGUAGE_STANDARD = gnu11;
				GCC_NO_COMMON_BLOCKS = YES;
				GCC_WARN_64_TO_32_BIT_CONVERSION = YES;
				GCC_WARN_ABOUT_RETURN_TYPE = YES_ERROR;
				GCC_WARN_UNDECLARED_SELECTOR = YES;
				GCC_WARN_UNINITIALIZED_AUTOS = YES_AGGRESSIVE;
				GCC_WARN_UNUSED_FUNCTION = YES;
				GCC_WARN_UNUSED_VARIABLE = YES;
				IPHONEOS_DEPLOYMENT_TARGET = 16.2;
				MTL_ENABLE_DEBUG_INFO = NO;
				MTL_FAST_MATH = YES;
				SDKROOT = iphoneos;
				SWIFT_COMPILATION_MODE = wholemodule;
				SWIFT_OPTIMIZATION_LEVEL = "-O";
				VALIDATE_PRODUCT = YES;
			};
			name = Release;
		};
		F0A68108297ED5F4001F3745 /* Debug */ = {
			isa = XCBuildConfiguration;
			buildSettings = {
				ASSETCATALOG_COMPILER_APPICON_NAME = AppIcon;
				ASSETCATALOG_COMPILER_GLOBAL_ACCENT_COLOR_NAME = AccentColor;
				CODE_SIGN_STYLE = Automatic;
				CURRENT_PROJECT_VERSION = 1;
				DEVELOPMENT_TEAM = 47PC76NKJQ;
				GENERATE_INFOPLIST_FILE = YES;
				INFOPLIST_FILE = Navigation1/Info.plist;
				INFOPLIST_KEY_UIApplicationSupportsIndirectInputEvents = YES;
				INFOPLIST_KEY_UILaunchStoryboardName = LaunchScreen;
				INFOPLIST_KEY_UISupportedInterfaceOrientations_iPad = "UIInterfaceOrientationPortrait UIInterfaceOrientationPortraitUpsideDown UIInterfaceOrientationLandscapeLeft UIInterfaceOrientationLandscapeRight";
				INFOPLIST_KEY_UISupportedInterfaceOrientations_iPhone = "UIInterfaceOrientationPortrait UIInterfaceOrientationLandscapeLeft UIInterfaceOrientationLandscapeRight";
				LD_RUNPATH_SEARCH_PATHS = (
					"$(inherited)",
					"@executable_path/Frameworks",
				);
				MARKETING_VERSION = 1.0;
				PRODUCT_BUNDLE_IDENTIFIER = playground.Navigation1;
				PRODUCT_NAME = "$(TARGET_NAME)";
				SWIFT_EMIT_LOC_STRINGS = YES;
				SWIFT_VERSION = 5.0;
				TARGETED_DEVICE_FAMILY = "1,2";
			};
			name = Debug;
		};
		F0A68109297ED5F4001F3745 /* Release */ = {
			isa = XCBuildConfiguration;
			buildSettings = {
				ASSETCATALOG_COMPILER_APPICON_NAME = AppIcon;
				ASSETCATALOG_COMPILER_GLOBAL_ACCENT_COLOR_NAME = AccentColor;
				CODE_SIGN_STYLE = Automatic;
				CURRENT_PROJECT_VERSION = 1;
				DEVELOPMENT_TEAM = 47PC76NKJQ;
				GENERATE_INFOPLIST_FILE = YES;
				INFOPLIST_FILE = Navigation1/Info.plist;
				INFOPLIST_KEY_UIApplicationSupportsIndirectInputEvents = YES;
				INFOPLIST_KEY_UILaunchStoryboardName = LaunchScreen;
				INFOPLIST_KEY_UISupportedInterfaceOrientations_iPad = "UIInterfaceOrientationPortrait UIInterfaceOrientationPortraitUpsideDown UIInterfaceOrientationLandscapeLeft UIInterfaceOrientationLandscapeRight";
				INFOPLIST_KEY_UISupportedInterfaceOrientations_iPhone = "UIInterfaceOrientationPortrait UIInterfaceOrientationLandscapeLeft UIInterfaceOrientationLandscapeRight";
				LD_RUNPATH_SEARCH_PATHS = (
					"$(inherited)",
					"@executable_path/Frameworks",
				);
				MARKETING_VERSION = 1.0;
				PRODUCT_BUNDLE_IDENTIFIER = playground.Navigation1;
				PRODUCT_NAME = "$(TARGET_NAME)";
				SWIFT_EMIT_LOC_STRINGS = YES;
				SWIFT_VERSION = 5.0;
				TARGETED_DEVICE_FAMILY = "1,2";
			};
			name = Release;
		};
/* End XCBuildConfiguration section */

/* Begin XCConfigurationList section */
		F0A680EE297ED5F1001F3745 /* Build configuration list for PBXProject "Navigation1" */ = {
			isa = XCConfigurationList;
			buildConfigurations = (
				F0A68105297ED5F4001F3745 /* Debug */,
				F0A68106297ED5F4001F3745 /* Release */,
			);
			defaultConfigurationIsVisible = 0;
			defaultConfigurationName = Release;
		};
		F0A68107297ED5F4001F3745 /* Build configuration list for PBXNativeTarget "Navigation1" */ = {
			isa = XCConfigurationList;
			buildConfigurations = (
				F0A68108297ED5F4001F3745 /* Debug */,
				F0A68109297ED5F4001F3745 /* Release */,
			);
			defaultConfigurationIsVisible = 0;
			defaultConfigurationName = Release;
		};
/* End XCConfigurationList section */
	};
	rootObject = F0A680EB297ED5F1001F3745 /* Project object */;
}
